PODS:
  - ALSAlipay (0.0.2)
  - ALSPayMent (0.1.9):
    - ALSAlipay
    - ALSPayMent/Core (= 0.1.9)
    - PodAsset
  - ALSPayMent/Core (0.1.9):
    - ALSAlipay
    - PodAsset
  - PodAsset (0.22.0)

DEPENDENCIES:
  - ALSPayMent (from `../`)

EXTERNAL SOURCES:
  ALSPayMent:
    :path: "../"

SPEC CHECKSUMS:
  ALSAlipay: 7d7622bac953d588497e9aea1f2660f567510a49
  ALSPayMent: 54e1ae753e021dcd8b5d8c49c00b237194404132
  PodAsset: d9d35b6a86ceaeaead63692a1bce27b4aea243b3

PODFILE CHECKSUM: 0990a53f579c1c15ef2f21d738d3c5206a201d4a

COCOAPODS: 1.2.1
