PODS:
  - ALSPayMent (0.1.16):
    - ALSPayMent/Core (= 0.1.16)
    - PodAsset
  - ALSPayMent/Core (0.1.16):
    - PodAsset
  - PodAsset (0.22.0)

DEPENDENCIES:
  - ALSPayMent (from `../`)

EXTERNAL SOURCES:
  ALSPayMent:
    :path: "../"

SPEC CHECKSUMS:
  ALSPayMent: 9af91b1ace0446d5b26a58f51bf2453e771e0dd9
  PodAsset: d9d35b6a86ceaeaead63692a1bce27b4aea243b3

PODFILE CHECKSUM: 63cc37737cab91884bd7df64202e6d1d48247346

COCOAPODS: 1.2.1
